{
  "name": "micro-bmark",
  "version": "0.4.2",
  "lockfileVersion": 2,
  "requires": true,
  "packages": {
    "": {
      "name": "micro-bmark",
      "version": "0.4.2",
      "license": "MIT",
      "devDependencies": {
        "@paulmillr/jsbt": "0.4.1",
        "micro-should": "0.5.3",
        "prettier": "3.6.2",
        "typescript": "5.9.2"
      }
    },
    "node_modules/@paulmillr/jsbt": {
      "version": "0.4.1",
      "resolved": "https://registry.npmjs.org/@paulmillr/jsbt/-/jsbt-0.4.1.tgz",
      "integrity": "sha512-WomUnhmgUEeIDgeIL8mADU2SsYjeQf7M68OJyj8J2QbfnhJU6BEkwblwV9lq3mQJsPaXOl1gPVwAVZxzEXFCtw==",
      "dev": true,
      "license": "MIT",
      "bin": {
        "jsbt": "jsbt.js"
      }
    },
    "node_modules/micro-should": {
      "version": "0.5.3",
      "resolved": "https://registry.npmjs.org/micro-should/-/micro-should-0.5.3.tgz",
      "integrity": "sha512-3gEuTzROE856pZSijMD5NonIrQTEGLdkMKj42S2JCqpXiaqQdoSqEd/mTonelAT0ZNwheY7pA/w6eAotQTXeWQ==",
      "dev": true,
      "license": "MIT"
    },
    "node_modules/prettier": {
      "version": "3.6.2",
      "resolved": "https://registry.npmjs.org/prettier/-/prettier-3.6.2.tgz",
      "integrity": "sha512-I7AIg5boAr5R0FFtJ6rCfD+LFsWHp81dolrFD8S79U9tb8Az2nGrJncnMSnys+bpQJfRUzqs9hnA81OAA3hCuQ==",
      "dev": true,
      "license": "MIT",
      "bin": {
        "prettier": "bin/prettier.cjs"
      },
      "engines": {
        "node": ">=14"
      },
      "funding": {
        "url": "https://github.com/prettier/prettier?sponsor=1"
      }
    },
    "node_modules/typescript": {
      "version": "5.9.2",
      "resolved": "https://registry.npmjs.org/typescript/-/typescript-5.9.2.tgz",
      "integrity": "sha512-CWBzXQrc/qOkhidw1OzBTQuYRbfyxDXJMVJ1XNwUHGROVmuaeiEm3OslpZ1RV96d7SKKjZKrSJu3+t/xlw3R9A==",
      "dev": true,
      "license": "Apache-2.0",
      "bin": {
        "tsc": "bin/tsc",
        "tsserver": "bin/tsserver"
      },
      "engines": {
        "node": ">=14.17"
      }
    }
  },
  "dependencies": {
    "@paulmillr/jsbt": {
      "version": "0.4.1",
      "resolved": "https://registry.npmjs.org/@paulmillr/jsbt/-/jsbt-0.4.1.tgz",
      "integrity": "sha512-WomUnhmgUEeIDgeIL8mADU2SsYjeQf7M68OJyj8J2QbfnhJU6BEkwblwV9lq3mQJsPaXOl1gPVwAVZxzEXFCtw==",
      "dev": true
    },
    "micro-should": {
      "version": "0.5.3",
      "resolved": "https://registry.npmjs.org/micro-should/-/micro-should-0.5.3.tgz",
      "integrity": "sha512-3gEuTzROE856pZSijMD5NonIrQTEGLdkMKj42S2JCqpXiaqQdoSqEd/mTonelAT0ZNwheY7pA/w6eAotQTXeWQ==",
      "dev": true
    },
    "prettier": {
      "version": "3.6.2",
      "resolved": "https://registry.npmjs.org/prettier/-/prettier-3.6.2.tgz",
      "integrity": "sha512-I7AIg5boAr5R0FFtJ6rCfD+LFsWHp81dolrFD8S79U9tb8Az2nGrJncnMSnys+bpQJfRUzqs9hnA81OAA3hCuQ==",
      "dev": true
    },
    "typescript": {
      "version": "5.9.2",
      "resolved": "https://registry.npmjs.org/typescript/-/typescript-5.9.2.tgz",
      "integrity": "sha512-CWBzXQrc/qOkhidw1OzBTQuYRbfyxDXJMVJ1XNwUHGROVmuaeiEm3OslpZ1RV96d7SKKjZKrSJu3+t/xlw3R9A==",
      "dev": true
    }
  }
}
