{
  "name": "micro-bmark",
  "version": "0.4.0",
  "lockfileVersion": 2,
  "requires": true,
  "packages": {
    "": {
      "name": "micro-bmark",
      "version": "0.4.0",
      "license": "MIT",
      "devDependencies": {
        "@paulmillr/jsbt": "0.3.3",
        "prettier": "3.5.3",
        "typescript": "5.8.3"
      }
    },
    "node_modules/@paulmillr/jsbt": {
      "version": "0.3.3",
      "resolved": "https://registry.npmjs.org/@paulmillr/jsbt/-/jsbt-0.3.3.tgz",
      "integrity": "sha512-92Z78xwPjN1jjY4AHkaLWGuSk4ILQGJ2bEz0MzGJ6bYvl5dFHQMZR8irW7Myz+xpSbsST7d4ykjLPPaghI2apg==",
      "dev": true,
      "license": "MIT",
      "bin": {
        "jsbt": "jsbt.js"
      }
    },
    "node_modules/prettier": {
      "version": "3.5.3",
      "resolved": "https://registry.npmjs.org/prettier/-/prettier-3.5.3.tgz",
      "integrity": "sha512-QQtaxnoDJeAkDvDKWCLiwIXkTgRhwYDEQCghU9Z6q03iyek/rxRh/2lC3HB7P8sWT2xC/y5JDctPLBIGzHKbhw==",
      "dev": true,
      "license": "MIT",
      "bin": {
        "prettier": "bin/prettier.cjs"
      },
      "engines": {
        "node": ">=14"
      },
      "funding": {
        "url": "https://github.com/prettier/prettier?sponsor=1"
      }
    },
    "node_modules/typescript": {
      "version": "5.8.3",
      "resolved": "https://registry.npmjs.org/typescript/-/typescript-5.8.3.tgz",
      "integrity": "sha512-p1diW6TqL9L07nNxvRMM7hMMw4c5XOo/1ibL4aAIGmSAt9slTE1Xgw5KWuof2uTOvCg9BY7ZRi+GaF+7sfgPeQ==",
      "dev": true,
      "license": "Apache-2.0",
      "bin": {
        "tsc": "bin/tsc",
        "tsserver": "bin/tsserver"
      },
      "engines": {
        "node": ">=14.17"
      }
    }
  },
  "dependencies": {
    "@paulmillr/jsbt": {
      "version": "0.3.3",
      "resolved": "https://registry.npmjs.org/@paulmillr/jsbt/-/jsbt-0.3.3.tgz",
      "integrity": "sha512-92Z78xwPjN1jjY4AHkaLWGuSk4ILQGJ2bEz0MzGJ6bYvl5dFHQMZR8irW7Myz+xpSbsST7d4ykjLPPaghI2apg==",
      "dev": true
    },
    "prettier": {
      "version": "3.5.3",
      "resolved": "https://registry.npmjs.org/prettier/-/prettier-3.5.3.tgz",
      "integrity": "sha512-QQtaxnoDJeAkDvDKWCLiwIXkTgRhwYDEQCghU9Z6q03iyek/rxRh/2lC3HB7P8sWT2xC/y5JDctPLBIGzHKbhw==",
      "dev": true
    },
    "typescript": {
      "version": "5.8.3",
      "resolved": "https://registry.npmjs.org/typescript/-/typescript-5.8.3.tgz",
      "integrity": "sha512-p1diW6TqL9L07nNxvRMM7hMMw4c5XOo/1ibL4aAIGmSAt9slTE1Xgw5KWuof2uTOvCg9BY7ZRi+GaF+7sfgPeQ==",
      "dev": true
    }
  }
}
